// !$*UTF8*$!
{
	archiveVersion = 1;
	classes = {
	};
	objectVersion = 51;
	objects = {

/* Begin PBXBuildFile section */
		8800A8092703236000F35B30 /* BubbleCollectionViewCell.swift in Sources */ = {isa = PBXBuildFile; fileRef = 8800A8072703236000F35B30 /* BubbleCollectionViewCell.swift */; };
		8800A80A2703236000F35B30 /* BubbleCollectionViewCell.xib in Resources */ = {isa = PBXBuildFile; fileRef = 8800A8082703236000F35B30 /* BubbleCollectionViewCell.xib */; };
		88378C3826FFE3AF0065F3A7 /* MovieCollectionViewCell.swift in Sources */ = {isa = PBXBuildFile; fileRef = 88378C3626FFE3AF0065F3A7 /* MovieCollectionViewCell.swift */; };
		88378C3926FFE3AF0065F3A7 /* MovieCollectionViewCell.xib in Resources */ = {isa = PBXBuildFile; fileRef = 88378C3726FFE3AF0065F3A7 /* MovieCollectionViewCell.xib */; };
		8851FF4A26FE8545003BC822 /* AppDelegate.swift in Sources */ = {isa = PBXBuildFile; fileRef = 8851FF4926FE8545003BC822 /* AppDelegate.swift */; };
		8851FF5326FE8546003BC822 /* Assets.xcassets in Resources */ = {isa = PBXBuildFile; fileRef = 8851FF5226FE8546003BC822 /* Assets.xcassets */; };
		8851FF5626FE8546003BC822 /* LaunchScreen.storyboard in Resources */ = {isa = PBXBuildFile; fileRef = 8851FF5426FE8546003BC822 /* LaunchScreen.storyboard */; };
		8851FF6326FE85D4003BC822 /* HomeViewController.swift in Sources */ = {isa = PBXBuildFile; fileRef = 8851FF6126FE85D4003BC822 /* HomeViewController.swift */; };
		8851FF6426FE85D4003BC822 /* HomeViewController.xib in Resources */ = {isa = PBXBuildFile; fileRef = 8851FF6226FE85D4003BC822 /* HomeViewController.xib */; };
		88ECCAFC2700D3170034141E /* MovieDetailsViewModel.swift in Sources */ = {isa = PBXBuildFile; fileRef = 88ECCAFB2700D3170034141E /* MovieDetailsViewModel.swift */; };
		88FA5CA9270087B000A848A9 /* HomeViewModel.swift in Sources */ = {isa = PBXBuildFile; fileRef = 88FA5CA8270087B000A848A9 /* HomeViewModel.swift */; };
		88FA5CAB27008D1700A848A9 /* MoviesModel.swift in Sources */ = {isa = PBXBuildFile; fileRef = 88FA5CAA27008D1700A848A9 /* MoviesModel.swift */; };
		88FA5CAE2700C6BD00A848A9 /* MovieDetailsViewController.swift in Sources */ = {isa = PBXBuildFile; fileRef = 88FA5CAC2700C6BD00A848A9 /* MovieDetailsViewController.swift */; };
		88FA5CAF2700C6BD00A848A9 /* MovieDetailsViewController.xib in Resources */ = {isa = PBXBuildFile; fileRef = 88FA5CAD2700C6BD00A848A9 /* MovieDetailsViewController.xib */; };
		B769968A7ACBC45DB95E8C7E /* Pods_Nerdflix.framework in Frameworks */ = {isa = PBXBuildFile; fileRef = 9F8BBAB5F7D302A9AA07B2D8 /* Pods_Nerdflix.framework */; };
/* End PBXBuildFile section */

/* Begin PBXFileReference section */
		770D4AD919F604FE5E6DD5A1 /* Pods-Nerdflix.release.xcconfig */ = {isa = PBXFileReference; includeInIndex = 1; lastKnownFileType = text.xcconfig; name = "Pods-Nerdflix.release.xcconfig"; path = "Target Support Files/Pods-Nerdflix/Pods-Nerdflix.release.xcconfig"; sourceTree = "<group>"; };
		8800A8072703236000F35B30 /* BubbleCollectionViewCell.swift */ = {isa = PBXFileReference; lastKnownFileType = sourcecode.swift; path = BubbleCollectionViewCell.swift; sourceTree = "<group>"; };
		8800A8082703236000F35B30 /* BubbleCollectionViewCell.xib */ = {isa = PBXFileReference; lastKnownFileType = file.xib; path = BubbleCollectionViewCell.xib; sourceTree = "<group>"; };
		88378C3626FFE3AF0065F3A7 /* MovieCollectionViewCell.swift */ = {isa = PBXFileReference; lastKnownFileType = sourcecode.swift; path = MovieCollectionViewCell.swift; sourceTree = "<group>"; };
		88378C3726FFE3AF0065F3A7 /* MovieCollectionViewCell.xib */ = {isa = PBXFileReference; lastKnownFileType = file.xib; path = MovieCollectionViewCell.xib; sourceTree = "<group>"; };
		8851FF4626FE8545003BC822 /* Nerdflix.app */ = {isa = PBXFileReference; explicitFileType = wrapper.application; includeInIndex = 0; path = Nerdflix.app; sourceTree = BUILT_PRODUCTS_DIR; };
		8851FF4926FE8545003BC822 /* AppDelegate.swift */ = {isa = PBXFileReference; lastKnownFileType = sourcecode.swift; path = AppDelegate.swift; sourceTree = "<group>"; };
		8851FF5226FE8546003BC822 /* Assets.xcassets */ = {isa = PBXFileReference; lastKnownFileType = folder.assetcatalog; path = Assets.xcassets; sourceTree = "<group>"; };
		8851FF5526FE8546003BC822 /* Base */ = {isa = PBXFileReference; lastKnownFileType = file.storyboard; name = Base; path = Base.lproj/LaunchScreen.storyboard; sourceTree = "<group>"; };
		8851FF5726FE8546003BC822 /* Info.plist */ = {isa = PBXFileReference; lastKnownFileType = text.plist.xml; path = Info.plist; sourceTree = "<group>"; };
		8851FF6126FE85D4003BC822 /* HomeViewController.swift */ = {isa = PBXFileReference; lastKnownFileType = sourcecode.swift; path = HomeViewController.swift; sourceTree = "<group>"; };
		8851FF6226FE85D4003BC822 /* HomeViewController.xib */ = {isa = PBXFileReference; lastKnownFileType = file.xib; path = HomeViewController.xib; sourceTree = "<group>"; };
		88ECCAFB2700D3170034141E /* MovieDetailsViewModel.swift */ = {isa = PBXFileReference; lastKnownFileType = sourcecode.swift; path = MovieDetailsViewModel.swift; sourceTree = "<group>"; };
		88FA5CA8270087B000A848A9 /* HomeViewModel.swift */ = {isa = PBXFileReference; lastKnownFileType = sourcecode.swift; path = HomeViewModel.swift; sourceTree = "<group>"; };
		88FA5CAA27008D1700A848A9 /* MoviesModel.swift */ = {isa = PBXFileReference; lastKnownFileType = sourcecode.swift; path = MoviesModel.swift; sourceTree = "<group>"; };
		88FA5CAC2700C6BD00A848A9 /* MovieDetailsViewController.swift */ = {isa = PBXFileReference; lastKnownFileType = sourcecode.swift; path = MovieDetailsViewController.swift; sourceTree = "<group>"; };
		88FA5CAD2700C6BD00A848A9 /* MovieDetailsViewController.xib */ = {isa = PBXFileReference; lastKnownFileType = file.xib; path = MovieDetailsViewController.xib; sourceTree = "<group>"; };
		9F8BBAB5F7D302A9AA07B2D8 /* Pods_Nerdflix.framework */ = {isa = PBXFileReference; explicitFileType = wrapper.framework; includeInIndex = 0; path = Pods_Nerdflix.framework; sourceTree = BUILT_PRODUCTS_DIR; };
		F126A77EF60C6F35374BBD8A /* Pods-Nerdflix.debug.xcconfig */ = {isa = PBXFileReference; includeInIndex = 1; lastKnownFileType = text.xcconfig; name = "Pods-Nerdflix.debug.xcconfig"; path = "Target Support Files/Pods-Nerdflix/Pods-Nerdflix.debug.xcconfig"; sourceTree = "<group>"; };
/* End PBXFileReference section */

/* Begin PBXFrameworksBuildPhase section */
		8851FF4326FE8545003BC822 /* Frameworks */ = {
			isa = PBXFrameworksBuildPhase;
			buildActionMask = 2147483647;
			files = (
				B769968A7ACBC45DB95E8C7E /* Pods_Nerdflix.framework in Frameworks */,
			);
			runOnlyForDeploymentPostprocessing = 0;
		};
/* End PBXFrameworksBuildPhase section */

/* Begin PBXGroup section */
		661259D017812C77AECE8D1F /* Frameworks */ = {
			isa = PBXGroup;
			children = (
				9F8BBAB5F7D302A9AA07B2D8 /* Pods_Nerdflix.framework */,
			);
			name = Frameworks;
			sourceTree = "<group>";
		};
		8800A8042703232500F35B30 /* Subviews */ = {
			isa = PBXGroup;
			children = (
				8800A8062703234500F35B30 /* BubbleCell */,
			);
			path = Subviews;
			sourceTree = "<group>";
		};
		8800A8062703234500F35B30 /* BubbleCell */ = {
			isa = PBXGroup;
			children = (
				8800A8072703236000F35B30 /* BubbleCollectionViewCell.swift */,
				8800A8082703236000F35B30 /* BubbleCollectionViewCell.xib */,
			);
			path = BubbleCell;
			sourceTree = "<group>";
		};
		88378C3526FFE38C0065F3A7 /* Cells */ = {
			isa = PBXGroup;
			children = (
				88378C3626FFE3AF0065F3A7 /* MovieCollectionViewCell.swift */,
				88378C3726FFE3AF0065F3A7 /* MovieCollectionViewCell.xib */,
			);
			path = Cells;
			sourceTree = "<group>";
		};
		8851FF3D26FE8545003BC822 = {
			isa = PBXGroup;
			children = (
				8851FF4826FE8545003BC822 /* Nerdflix */,
				8851FF4726FE8545003BC822 /* Products */,
				9038660E64F603ACDB332EE8 /* Pods */,
				661259D017812C77AECE8D1F /* Frameworks */,
			);
			sourceTree = "<group>";
		};
		8851FF4726FE8545003BC822 /* Products */ = {
			isa = PBXGroup;
			children = (
				8851FF4626FE8545003BC822 /* Nerdflix.app */,
			);
			name = Products;
			sourceTree = "<group>";
		};
		8851FF4826FE8545003BC822 /* Nerdflix */ = {
			isa = PBXGroup;
			children = (
				8851FF5F26FE8580003BC822 /* Scenes */,
				8851FF5E26FE857C003BC822 /* Sources */,
				8851FF5D26FE8577003BC822 /* Resources */,
			);
			path = Nerdflix;
			sourceTree = "<group>";
		};
		8851FF5D26FE8577003BC822 /* Resources */ = {
			isa = PBXGroup;
			children = (
				8851FF5226FE8546003BC822 /* Assets.xcassets */,
				8851FF5426FE8546003BC822 /* LaunchScreen.storyboard */,
				8851FF5726FE8546003BC822 /* Info.plist */,
			);
			path = Resources;
			sourceTree = "<group>";
		};
		8851FF5E26FE857C003BC822 /* Sources */ = {
			isa = PBXGroup;
			children = (
				8851FF4926FE8545003BC822 /* AppDelegate.swift */,
			);
			path = Sources;
			sourceTree = "<group>";
		};
		8851FF5F26FE8580003BC822 /* Scenes */ = {
			isa = PBXGroup;
			children = (
				8851FF6826FEA764003BC822 /* MovieDetails */,
				8851FF6026FE85BD003BC822 /* Home */,
			);
			path = Scenes;
			sourceTree = "<group>";
		};
		8851FF6026FE85BD003BC822 /* Home */ = {
			isa = PBXGroup;
			children = (
				8851FF6726FEA757003BC822 /* Subviews */,
				8851FF6626FEA752003BC822 /* Model */,
				8851FF6126FE85D4003BC822 /* HomeViewController.swift */,
				8851FF6226FE85D4003BC822 /* HomeViewController.xib */,
				88FA5CA8270087B000A848A9 /* HomeViewModel.swift */,
			);
			path = Home;
			sourceTree = "<group>";
		};
		8851FF6626FEA752003BC822 /* Model */ = {
			isa = PBXGroup;
			children = (
				88FA5CAA27008D1700A848A9 /* MoviesModel.swift */,
			);
			path = Model;
			sourceTree = "<group>";
		};
		8851FF6726FEA757003BC822 /* Subviews */ = {
			isa = PBXGroup;
			children = (
				88378C3526FFE38C0065F3A7 /* Cells */,
			);
			path = Subviews;
			sourceTree = "<group>";
		};
		8851FF6826FEA764003BC822 /* MovieDetails */ = {
			isa = PBXGroup;
			children = (
				8800A8042703232500F35B30 /* Subviews */,
				88FA5CAC2700C6BD00A848A9 /* MovieDetailsViewController.swift */,
				88FA5CAD2700C6BD00A848A9 /* MovieDetailsViewController.xib */,
				88ECCAFB2700D3170034141E /* MovieDetailsViewModel.swift */,
			);
			path = MovieDetails;
			sourceTree = "<group>";
		};
		9038660E64F603ACDB332EE8 /* Pods */ = {
			isa = PBXGroup;
			children = (
				F126A77EF60C6F35374BBD8A /* Pods-Nerdflix.debug.xcconfig */,
				770D4AD919F604FE5E6DD5A1 /* Pods-Nerdflix.release.xcconfig */,
			);
			path = Pods;
			sourceTree = "<group>";
		};
/* End PBXGroup section */

/* Begin PBXNativeTarget section */
		8851FF4526FE8545003BC822 /* Nerdflix */ = {
			isa = PBXNativeTarget;
			buildConfigurationList = 8851FF5A26FE8546003BC822 /* Build configuration list for PBXNativeTarget "Nerdflix" */;
			buildPhases = (
				A34C6E8267381DE2F1DFE228 /* [CP] Check Pods Manifest.lock */,
				8851FF4226FE8545003BC822 /* Sources */,
				8851FF4326FE8545003BC822 /* Frameworks */,
				8851FF4426FE8545003BC822 /* Resources */,
				7F00AE8C2236E5653E696EE9 /* [CP] Embed Pods Frameworks */,
			);
			buildRules = (
			);
			dependencies = (
			);
			name = Nerdflix;
			productName = Nerdflix;
			productReference = 8851FF4626FE8545003BC822 /* Nerdflix.app */;
			productType = "com.apple.product-type.application";
		};
/* End PBXNativeTarget section */

/* Begin PBXProject section */
		8851FF3E26FE8545003BC822 /* Project object */ = {
			isa = PBXProject;
			attributes = {
				LastSwiftUpdateCheck = 1250;
				LastUpgradeCheck = 1250;
				TargetAttributes = {
					8851FF4526FE8545003BC822 = {
						CreatedOnToolsVersion = 12.5.1;
					};
				};
			};
			buildConfigurationList = 8851FF4126FE8545003BC822 /* Build configuration list for PBXProject "Nerdflix" */;
			compatibilityVersion = "Xcode 9.3";
			developmentRegion = en;
			hasScannedForEncodings = 0;
			knownRegions = (
				en,
				Base,
			);
			mainGroup = 8851FF3D26FE8545003BC822;
			productRefGroup = 8851FF4726FE8545003BC822 /* Products */;
			projectDirPath = "";
			projectRoot = "";
			targets = (
				8851FF4526FE8545003BC822 /* Nerdflix */,
			);
		};
/* End PBXProject section */

/* Begin PBXResourcesBuildPhase section */
		8851FF4426FE8545003BC822 /* Resources */ = {
			isa = PBXResourcesBuildPhase;
			buildActionMask = 2147483647;
			files = (
				8800A80A2703236000F35B30 /* BubbleCollectionViewCell.xib in Resources */,
				8851FF5626FE8546003BC822 /* LaunchScreen.storyboard in Resources */,
				8851FF5326FE8546003BC822 /* Assets.xcassets in Resources */,
				8851FF6426FE85D4003BC822 /* HomeViewController.xib in Resources */,
				88378C3926FFE3AF0065F3A7 /* MovieCollectionViewCell.xib in Resources */,
				88FA5CAF2700C6BD00A848A9 /* MovieDetailsViewController.xib in Resources */,
			);
			runOnlyForDeploymentPostprocessing = 0;
		};
/* End PBXResourcesBuildPhase section */

/* Begin PBXShellScriptBuildPhase section */
		7F00AE8C2236E5653E696EE9 /* [CP] Embed Pods Frameworks */ = {
			isa = PBXShellScriptBuildPhase;
			buildActionMask = 2147483647;
			files = (
			);
			inputFileListPaths = (
				"${PODS_ROOT}/Target Support Files/Pods-Nerdflix/Pods-Nerdflix-frameworks-${CONFIGURATION}-input-files.xcfilelist",
			);
			name = "[CP] Embed Pods Frameworks";
			outputFileListPaths = (
				"${PODS_ROOT}/Target Support Files/Pods-Nerdflix/Pods-Nerdflix-frameworks-${CONFIGURATION}-output-files.xcfilelist",
			);
			runOnlyForDeploymentPostprocessing = 0;
			shellPath = /bin/sh;
			shellScript = "\"${PODS_ROOT}/Target Support Files/Pods-Nerdflix/Pods-Nerdflix-frameworks.sh\"\n";
			showEnvVarsInLog = 0;
		};
		A34C6E8267381DE2F1DFE228 /* [CP] Check Pods Manifest.lock */ = {
			isa = PBXShellScriptBuildPhase;
			buildActionMask = 2147483647;
			files = (
			);
			inputFileListPaths = (
			);
			inputPaths = (
				"${PODS_PODFILE_DIR_PATH}/Podfile.lock",
				"${PODS_ROOT}/Manifest.lock",
			);
			name = "[CP] Check Pods Manifest.lock";
			outputFileListPaths = (
			);
			outputPaths = (
				"$(DERIVED_FILE_DIR)/Pods-Nerdflix-checkManifestLockResult.txt",
			);
			runOnlyForDeploymentPostprocessing = 0;
			shellPath = /bin/sh;
			shellScript = "diff \"${PODS_PODFILE_DIR_PATH}/Podfile.lock\" \"${PODS_ROOT}/Manifest.lock\" > /dev/null\nif [ $? != 0 ] ; then\n    # print error to STDERR\n    echo \"error: The sandbox is not in sync with the Podfile.lock. Run 'pod install' or update your CocoaPods installation.\" >&2\n    exit 1\nfi\n# This output is used by Xcode 'outputs' to avoid re-running this script phase.\necho \"SUCCESS\" > \"${SCRIPT_OUTPUT_FILE_0}\"\n";
			showEnvVarsInLog = 0;
		};
/* End PBXShellScriptBuildPhase section */

/* Begin PBXSourcesBuildPhase section */
		8851FF4226FE8545003BC822 /* Sources */ = {
			isa = PBXSourcesBuildPhase;
			buildActionMask = 2147483647;
			files = (
				88ECCAFC2700D3170034141E /* MovieDetailsViewModel.swift in Sources */,
				88378C3826FFE3AF0065F3A7 /* MovieCollectionViewCell.swift in Sources */,
				8851FF4A26FE8545003BC822 /* AppDelegate.swift in Sources */,
				88FA5CAE2700C6BD00A848A9 /* MovieDetailsViewController.swift in Sources */,
				8800A8092703236000F35B30 /* BubbleCollectionViewCell.swift in Sources */,
				88FA5CAB27008D1700A848A9 /* MoviesModel.swift in Sources */,
				8851FF6326FE85D4003BC822 /* HomeViewController.swift in Sources */,
				88FA5CA9270087B000A848A9 /* HomeViewModel.swift in Sources */,
			);
			runOnlyForDeploymentPostprocessing = 0;
		};
/* End PBXSourcesBuildPhase section */

/* Begin PBXVariantGroup section */
		8851FF5426FE8546003BC822 /* LaunchScreen.storyboard */ = {
			isa = PBXVariantGroup;
			children = (
				8851FF5526FE8546003BC822 /* Base */,
			);
			name = LaunchScreen.storyboard;
			sourceTree = "<group>";
		};
/* End PBXVariantGroup section */

/* Begin XCBuildConfiguration section */
		8851FF5826FE8546003BC822 /* Debug */ = {
			isa = XCBuildConfiguration;
			buildSettings = {
				ALWAYS_SEARCH_USER_PATHS = NO;
				CLANG_ANALYZER_NONNULL = YES;
				CLANG_ANALYZER_NUMBER_OBJECT_CONVERSION = YES_AGGRESSIVE;
				CLANG_CXX_LANGUAGE_STANDARD = "gnu++14";
				CLANG_CXX_LIBRARY = "libc++";
				CLANG_ENABLE_MODULES = YES;
				CLANG_ENABLE_OBJC_ARC = YES;
				CLANG_ENABLE_OBJC_WEAK = YES;
				CLANG_WARN_BLOCK_CAPTURE_AUTORELEASING = YES;
				CLANG_WARN_BOOL_CONVERSION = YES;
				CLANG_WARN_COMMA = YES;
				CLANG_WARN_CONSTANT_CONVERSION = YES;
				CLANG_WARN_DEPRECATED_OBJC_IMPLEMENTATIONS = YES;
				CLANG_WARN_DIRECT_OBJC_ISA_USAGE = YES_ERROR;
				CLANG_WARN_DOCUMENTATION_COMMENTS = YES;
				CLANG_WARN_EMPTY_BODY = YES;
				CLANG_WARN_ENUM_CONVERSION = YES;
				CLANG_WARN_INFINITE_RECURSION = YES;
				CLANG_WARN_INT_CONVERSION = YES;
				CLANG_WARN_NON_LITERAL_NULL_CONVERSION = YES;
				CLANG_WARN_OBJC_IMPLICIT_RETAIN_SELF = YES;
				CLANG_WARN_OBJC_LITERAL_CONVERSION = YES;
				CLANG_WARN_OBJC_ROOT_CLASS = YES_ERROR;
				CLANG_WARN_QUOTED_INCLUDE_IN_FRAMEWORK_HEADER = YES;
				CLANG_WARN_RANGE_LOOP_ANALYSIS = YES;
				CLANG_WARN_STRICT_PROTOTYPES = YES;
				CLANG_WARN_SUSPICIOUS_MOVE = YES;
				CLANG_WARN_UNGUARDED_AVAILABILITY = YES_AGGRESSIVE;
				CLANG_WARN_UNREACHABLE_CODE = YES;
				CLANG_WARN__DUPLICATE_METHOD_MATCH = YES;
				COPY_PHASE_STRIP = NO;
				DEBUG_INFORMATION_FORMAT = dwarf;
				ENABLE_STRICT_OBJC_MSGSEND = YES;
				ENABLE_TESTABILITY = YES;
				GCC_C_LANGUAGE_STANDARD = gnu11;
				GCC_DYNAMIC_NO_PIC = NO;
				GCC_NO_COMMON_BLOCKS = YES;
				GCC_OPTIMIZATION_LEVEL = 0;
				GCC_PREPROCESSOR_DEFINITIONS = (
					"DEBUG=1",
					"$(inherited)",
				);
				GCC_WARN_64_TO_32_BIT_CONVERSION = YES;
				GCC_WARN_ABOUT_RETURN_TYPE = YES_ERROR;
				GCC_WARN_UNDECLARED_SELECTOR = YES;
				GCC_WARN_UNINITIALIZED_AUTOS = YES_AGGRESSIVE;
				GCC_WARN_UNUSED_FUNCTION = YES;
				GCC_WARN_UNUSED_VARIABLE = YES;
				IPHONEOS_DEPLOYMENT_TARGET = 14.5;
				MTL_ENABLE_DEBUG_INFO = INCLUDE_SOURCE;
				MTL_FAST_MATH = YES;
				ONLY_ACTIVE_ARCH = YES;
				SDKROOT = iphoneos;
				SWIFT_ACTIVE_COMPILATION_CONDITIONS = DEBUG;
				SWIFT_OPTIMIZATION_LEVEL = "-Onone";
			};
			name = Debug;
		};
		8851FF5926FE8546003BC822 /* Release */ = {
			isa = XCBuildConfiguration;
			buildSettings = {
				ALWAYS_SEARCH_USER_PATHS = NO;
				CLANG_ANALYZER_NONNULL = YES;
				CLANG_ANALYZER_NUMBER_OBJECT_CONVERSION = YES_AGGRESSIVE;
				CLANG_CXX_LANGUAGE_STANDARD = "gnu++14";
				CLANG_CXX_LIBRARY = "libc++";
				CLANG_ENABLE_MODULES = YES;
				CLANG_ENABLE_OBJC_ARC = YES;
				CLANG_ENABLE_OBJC_WEAK = YES;
				CLANG_WARN_BLOCK_CAPTURE_AUTORELEASING = YES;
				CLANG_WARN_BOOL_CONVERSION = YES;
				CLANG_WARN_COMMA = YES;
				CLANG_WARN_CONSTANT_CONVERSION = YES;
				CLANG_WARN_DEPRECATED_OBJC_IMPLEMENTATIONS = YES;
				CLANG_WARN_DIRECT_OBJC_ISA_USAGE = YES_ERROR;
				CLANG_WARN_DOCUMENTATION_COMMENTS = YES;
				CLANG_WARN_EMPTY_BODY = YES;
				CLANG_WARN_ENUM_CONVERSION = YES;
				CLANG_WARN_INFINITE_RECURSION = YES;
				CLANG_WARN_INT_CONVERSION = YES;
				CLANG_WARN_NON_LITERAL_NULL_CONVERSION = YES;
				CLANG_WARN_OBJC_IMPLICIT_RETAIN_SELF = YES;
				CLANG_WARN_OBJC_LITERAL_CONVERSION = YES;
				CLANG_WARN_OBJC_ROOT_CLASS = YES_ERROR;
				CLANG_WARN_QUOTED_INCLUDE_IN_FRAMEWORK_HEADER = YES;
				CLANG_WARN_RANGE_LOOP_ANALYSIS = YES;
				CLANG_WARN_STRICT_PROTOTYPES = YES;
				CLANG_WARN_SUSPICIOUS_MOVE = YES;
				CLANG_WARN_UNGUARDED_AVAILABILITY = YES_AGGRESSIVE;
				CLANG_WARN_UNREACHABLE_CODE = YES;
				CLANG_WARN__DUPLICATE_METHOD_MATCH = YES;
				COPY_PHASE_STRIP = NO;
				DEBUG_INFORMATION_FORMAT = "dwarf-with-dsym";
				ENABLE_NS_ASSERTIONS = NO;
				ENABLE_STRICT_OBJC_MSGSEND = YES;
				GCC_C_LANGUAGE_STANDARD = gnu11;
				GCC_NO_COMMON_BLOCKS = YES;
				GCC_WARN_64_TO_32_BIT_CONVERSION = YES;
				GCC_WARN_ABOUT_RETURN_TYPE = YES_ERROR;
				GCC_WARN_UNDECLARED_SELECTOR = YES;
				GCC_WARN_UNINITIALIZED_AUTOS = YES_AGGRESSIVE;
				GCC_WARN_UNUSED_FUNCTION = YES;
				GCC_WARN_UNUSED_VARIABLE = YES;
				IPHONEOS_DEPLOYMENT_TARGET = 14.5;
				MTL_ENABLE_DEBUG_INFO = NO;
				MTL_FAST_MATH = YES;
				SDKROOT = iphoneos;
				SWIFT_COMPILATION_MODE = wholemodule;
				SWIFT_OPTIMIZATION_LEVEL = "-O";
				VALIDATE_PRODUCT = YES;
			};
			name = Release;
		};
		8851FF5B26FE8546003BC822 /* Debug */ = {
			isa = XCBuildConfiguration;
			baseConfigurationReference = F126A77EF60C6F35374BBD8A /* Pods-Nerdflix.debug.xcconfig */;
			buildSettings = {
				ASSETCATALOG_COMPILER_APPICON_NAME = AppIcon;
				ASSETCATALOG_COMPILER_GLOBAL_ACCENT_COLOR_NAME = AccentColor;
				CODE_SIGN_STYLE = Automatic;
				INFOPLIST_FILE = Nerdflix/Resources/Info.plist;
				IPHONEOS_DEPLOYMENT_TARGET = 13.6;
				LD_RUNPATH_SEARCH_PATHS = (
					"$(inherited)",
					"@executable_path/Frameworks",
				);
				PRODUCT_BUNDLE_IDENTIFIER = br.com.useacademy.Nerdflix;
				PRODUCT_NAME = "$(TARGET_NAME)";
				SWIFT_VERSION = 5.0;
				TARGETED_DEVICE_FAMILY = 1;
			};
			name = Debug;
		};
		8851FF5C26FE8546003BC822 /* Release */ = {
			isa = XCBuildConfiguration;
			baseConfigurationReference = 770D4AD919F604FE5E6DD5A1 /* Pods-Nerdflix.release.xcconfig */;
			buildSettings = {
				ASSETCATALOG_COMPILER_APPICON_NAME = AppIcon;
				ASSETCATALOG_COMPILER_GLOBAL_ACCENT_COLOR_NAME = AccentColor;
				CODE_SIGN_STYLE = Automatic;
				INFOPLIST_FILE = Nerdflix/Resources/Info.plist;
				IPHONEOS_DEPLOYMENT_TARGET = 13.6;
				LD_RUNPATH_SEARCH_PATHS = (
					"$(inherited)",
					"@executable_path/Frameworks",
				);
				PRODUCT_BUNDLE_IDENTIFIER = br.com.useacademy.Nerdflix;
				PRODUCT_NAME = "$(TARGET_NAME)";
				SWIFT_VERSION = 5.0;
				TARGETED_DEVICE_FAMILY = 1;
			};
			name = Release;
		};
/* End XCBuildConfiguration section */

/* Begin XCConfigurationList section */
		8851FF4126FE8545003BC822 /* Build configuration list for PBXProject "Nerdflix" */ = {
			isa = XCConfigurationList;
			buildConfigurations = (
				8851FF5826FE8546003BC822 /* Debug */,
				8851FF5926FE8546003BC822 /* Release */,
			);
			defaultConfigurationIsVisible = 0;
			defaultConfigurationName = Release;
		};
		8851FF5A26FE8546003BC822 /* Build configuration list for PBXNativeTarget "Nerdflix" */ = {
			isa = XCConfigurationList;
			buildConfigurations = (
				8851FF5B26FE8546003BC822 /* Debug */,
				8851FF5C26FE8546003BC822 /* Release */,
			);
			defaultConfigurationIsVisible = 0;
			defaultConfigurationName = Release;
		};
/* End XCConfigurationList section */
	};
	rootObject = 8851FF3E26FE8545003BC822 /* Project object */;
}
